version: 1.0
shards:
  kemal:
    github: sdogruyol/kemal
    commit: 211685ee7407e23b7579394c0ac499ff518b6e19

  mysql:
    github: waterlink/crystal-mysql
    commit: ece33e0ee7a7ffe3e7a68e5018ad40050d9e01fd

  redis:
    github: stefanwille/crystal-redis
    version: 1.2.1

  resque_client:
    github: pine613/crystal-resque-client
    version: 0.1.0

