version: 1.0
shards:
  kemal:
    github: sdogruyol/kemal
    commit: c21567fe17e67523726ca33373fa9c3f05454904

  mysql:
    github: pine613/crystal-mysql
    commit: 044f8f73a2422f360868ea26c17a215a13e34a80

  pool:
    github: ysbaddaden/pool
    version: 0.2.0

  redis:
    github: stefanwille/crystal-redis
    version: 1.2.1

  resque_client:
    github: pine613/crystal-resque-client
    version: 0.1.0

