version: 1.0
shards:
  kemal:
    github: sdogruyol/kemal
    version: 0.17.5

  kilt:
    github: jeromegn/kilt
    version: 0.3.3

  multipart:
    github: RX14/multipart.cr
    version: 0.1.2

  mysql:
    github: waterlink/crystal-mysql
    version: 0.4.4

  pool:
    github: ysbaddaden/pool
    version: 0.2.4

  radix:
    github: luislavena/radix
    version: 0.3.9

  redis:
    github: stefanwille/crystal-redis
    version: 1.9.0

  resque:
    github: pine613/crystal-resque-client
    version: 0.1.0

  shards:
    github: ysbaddaden/shards
    version: 0.7.2

  sharock_resolver:
    github: shardsrocks/sharock-resolver
    version: 0.1.1

